
Microsoft Visual Studio Solution File, Format Version 12.00
# Visual Studio Version 17
VisualStudioVersion = 17.1.32210.238
MinimumVisualStudioVersion = 10.0.40219.1
Project("{FAE04EC0-301F-11D3-BF4B-00C04F79EFBC}") = "musicTheoryApp", "musicTheoryApp.csproj", "{4D403450-DBE8-42A7-A479-7800573042AA}"
EndProject
Global
	GlobalSection(SolutionConfigurationPlatforms) = preSolution
		Debug|Any CPU = Debug|Any CPU
		Release|Any CPU = Release|Any CPU
	EndGlobalSection
	GlobalSection(ProjectConfigurationPlatforms) = postSolution
		{4D403450-DBE8-42A7-A479-7800573042AA}.Debug|Any CPU.ActiveCfg = Debug|Any CPU
		{4D403450-DBE8-42A7-A479-7800573042AA}.Debug|Any CPU.Build.0 = Debug|Any CPU
		{4D403450-DBE8-42A7-A479-7800573042AA}.Release|Any CPU.ActiveCfg = Release|Any CPU
		{4D403450-DBE8-42A7-A479-7800573042AA}.Release|Any CPU.Build.0 = Release|Any CPU
	EndGlobalSection
	GlobalSection(SolutionProperties) = preSolution
		HideSolutionNode = FALSE
	EndGlobalSection
	GlobalSection(ExtensibilityGlobals) = postSolution
		SolutionGuid = {495BE4FB-C544-4537-A46B-537B39176D47}
	EndGlobalSection
EndGlobal
